// !$*UTF8*$!
{
	archiveVersion = 1;
	classes = {
	};
	objectVersion = 45;
	objects = {

/* Begin PBXBuildFile section */
		1D3623260D0F684500981E51 /* bHeadAppDelegate.m in Sources */ = {isa = PBXBuildFile; fileRef = 1D3623250D0F684500981E51 /* bHeadAppDelegate.m */; };
		1D60589B0D05DD56006BFB54 /* main.m in Sources */ = {isa = PBXBuildFile; fileRef = 29B97316FDCFA39411CA2CEA /* main.m */; };
		1D60589F0D05DD5A006BFB54 /* Foundation.framework in Frameworks */ = {isa = PBXBuildFile; fileRef = 1D30AB110D05D00D00671497 /* Foundation.framework */; };
		1DF5F4E00D08C38300B7A737 /* UIKit.framework in Frameworks */ = {isa = PBXBuildFile; fileRef = 1DF5F4DF0D08C38300B7A737 /* UIKit.framework */; };
		288765FD0DF74451002DB57D /* CoreGraphics.framework in Frameworks */ = {isa = PBXBuildFile; fileRef = 288765FC0DF74451002DB57D /* CoreGraphics.framework */; };
		28AD733F0D9D9553002E5188 /* MainWindow.xib in Resources */ = {isa = PBXBuildFile; fileRef = 28AD733E0D9D9553002E5188 /* MainWindow.xib */; };
		2D3BA69811631EB90049588C /* CoreLocation.framework in Frameworks */ = {isa = PBXBuildFile; fileRef = 2D3BA69711631EB90049588C /* CoreLocation.framework */; };
		2D3BA69C11631ECA0049588C /* AudioToolbox.framework in Frameworks */ = {isa = PBXBuildFile; fileRef = 2D3BA69B11631ECA0049588C /* AudioToolbox.framework */; };
		2DB89E75116BE17200B618D6 /* GameBumpConnector.m in Sources */ = {isa = PBXBuildFile; fileRef = 2DB89E74116BE17200B618D6 /* GameBumpConnector.m */; };
		2DB89E96116BEE0400B618D6 /* libBump.a in Frameworks */ = {isa = PBXBuildFile; fileRef = 2DB89E95116BEE0400B618D6 /* libBump.a */; };
		2DB89EB0116BEE4400B618D6 /* bump_button_blue.png in Resources */ = {isa = PBXBuildFile; fileRef = 2DB89E98116BEE4400B618D6 /* bump_button_blue.png */; };
		2DB89EB1116BEE4400B618D6 /* bump_close.png in Resources */ = {isa = PBXBuildFile; fileRef = 2DB89E99116BEE4400B618D6 /* bump_close.png */; };
		2DB89EB2116BEE4400B618D6 /* bump_close_selected.png in Resources */ = {isa = PBXBuildFile; fileRef = 2DB89E9A116BEE4400B618D6 /* bump_close_selected.png */; };
		2DB89EB3116BEE4400B618D6 /* bump_content_area.png in Resources */ = {isa = PBXBuildFile; fileRef = 2DB89E9B116BEE4400B618D6 /* bump_content_area.png */; };
		2DB89EB4116BEE4400B618D6 /* bump_dropdown.png in Resources */ = {isa = PBXBuildFile; fileRef = 2DB89E9C116BEE4400B618D6 /* bump_dropdown.png */; };
		2DB89EB5116BEE4400B618D6 /* bump_hands_bg.png in Resources */ = {isa = PBXBuildFile; fileRef = 2DB89E9D116BEE4400B618D6 /* bump_hands_bg.png */; };
		2DB89EB6116BEE4400B618D6 /* bump_lefthand.png in Resources */ = {isa = PBXBuildFile; fileRef = 2DB89E9E116BEE4400B618D6 /* bump_lefthand.png */; };
		2DB89EB7116BEE4400B618D6 /* bump_nameview.png in Resources */ = {isa = PBXBuildFile; fileRef = 2DB89E9F116BEE4400B618D6 /* bump_nameview.png */; };
		2DB89EB8116BEE4400B618D6 /* bump_no_button.png in Resources */ = {isa = PBXBuildFile; fileRef = 2DB89EA0116BEE4400B618D6 /* bump_no_button.png */; };
		2DB89EB9116BEE4400B618D6 /* bump_nonetwork.png in Resources */ = {isa = PBXBuildFile; fileRef = 2DB89EA1116BEE4400B618D6 /* bump_nonetwork.png */; };
		2DB89EBA116BEE4400B618D6 /* bump_righthand.png in Resources */ = {isa = PBXBuildFile; fileRef = 2DB89EA2116BEE4400B618D6 /* bump_righthand.png */; };
		2DB89EBB116BEE4400B618D6 /* bump_signal1.png in Resources */ = {isa = PBXBuildFile; fileRef = 2DB89EA3116BEE4400B618D6 /* bump_signal1.png */; };
		2DB89EBC116BEE4400B618D6 /* bump_signal2.png in Resources */ = {isa = PBXBuildFile; fileRef = 2DB89EA4116BEE4400B618D6 /* bump_signal2.png */; };
		2DB89EBD116BEE4400B618D6 /* bump_signal3.png in Resources */ = {isa = PBXBuildFile; fileRef = 2DB89EA5116BEE4400B618D6 /* bump_signal3.png */; };
		2DB89EBE116BEE4400B618D6 /* bump_signal4.png in Resources */ = {isa = PBXBuildFile; fileRef = 2DB89EA6116BEE4400B618D6 /* bump_signal4.png */; };
		2DB89EBF116BEE4400B618D6 /* bump_tap.aif in Resources */ = {isa = PBXBuildFile; fileRef = 2DB89EA7116BEE4400B618D6 /* bump_tap.aif */; };
		2DB89EC0116BEE4400B618D6 /* bump_titlebar_bg.png in Resources */ = {isa = PBXBuildFile; fileRef = 2DB89EA8116BEE4400B618D6 /* bump_titlebar_bg.png */; };
		2DB89EC1116BEE4400B618D6 /* bump_white_low.png in Resources */ = {isa = PBXBuildFile; fileRef = 2DB89EA9116BEE4400B618D6 /* bump_white_low.png */; };
		2DB89EC2116BEE4400B618D6 /* bump_yes_button.png in Resources */ = {isa = PBXBuildFile; fileRef = 2DB89EAA116BEE4400B618D6 /* bump_yes_button.png */; };
		2DB89EC3116BEE4400B618D6 /* BumpApiPopup.xib in Resources */ = {isa = PBXBuildFile; fileRef = 2DB89EAB116BEE4400B618D6 /* BumpApiPopup.xib */; };
		2DB89EC4116BEE4400B618D6 /* BumpChangeNameScreen.xib in Resources */ = {isa = PBXBuildFile; fileRef = 2DB89EAC116BEE4400B618D6 /* BumpChangeNameScreen.xib */; };
		2DB89EC5116BEE4400B618D6 /* BumpConfirmScreen.xib in Resources */ = {isa = PBXBuildFile; fileRef = 2DB89EAD116BEE4400B618D6 /* BumpConfirmScreen.xib */; };
		2DB89EC6116BEE4400B618D6 /* BumpPromptScreen.xib in Resources */ = {isa = PBXBuildFile; fileRef = 2DB89EAE116BEE4400B618D6 /* BumpPromptScreen.xib */; };
		2DB89EC7116BEE4400B618D6 /* BumpStartScreen.xib in Resources */ = {isa = PBXBuildFile; fileRef = 2DB89EAF116BEE4400B618D6 /* BumpStartScreen.xib */; };
		2DD238EE11630C8D00EC030E /* ChallengeController.m in Sources */ = {isa = PBXBuildFile; fileRef = 2DD238EC11630C8D00EC030E /* ChallengeController.m */; };
		2DD238EF11630C8D00EC030E /* ChallengeController.xib in Resources */ = {isa = PBXBuildFile; fileRef = 2DD238ED11630C8D00EC030E /* ChallengeController.xib */; };
		2DD238F311630CB800EC030E /* ScoreController.m in Sources */ = {isa = PBXBuildFile; fileRef = 2DD238F111630CB800EC030E /* ScoreController.m */; };
		2DD238F411630CB800EC030E /* ScoreController.xib in Resources */ = {isa = PBXBuildFile; fileRef = 2DD238F211630CB800EC030E /* ScoreController.xib */; };
		2DD239141163112700EC030E /* subclassChallengeController.m in Sources */ = {isa = PBXBuildFile; fileRef = 2DD239121163112700EC030E /* subclassChallengeController.m */; };
		2DD239151163112700EC030E /* subclassChallengeController.xib in Resources */ = {isa = PBXBuildFile; fileRef = 2DD239131163112700EC030E /* subclassChallengeController.xib */; };
		DEE451A61178C50800B37734 /* Default.png in Resources */ = {isa = PBXBuildFile; fileRef = DEE451A51178C50800B37734 /* Default.png */; };
		DEE451BF1178CE5C00B37734 /* youdiebackground.png in Resources */ = {isa = PBXBuildFile; fileRef = DEE451BE1178CE5C00B37734 /* youdiebackground.png */; };
		DEE451C11178CE6C00B37734 /* youlivebackground.png in Resources */ = {isa = PBXBuildFile; fileRef = DEE451C01178CE6C00B37734 /* youlivebackground.png */; };
		DEE4520C1178DC9F00B37734 /* lightsaber.png in Resources */ = {isa = PBXBuildFile; fileRef = DEE4520B1178DC9F00B37734 /* lightsaber.png */; };
		DEE4520E1178DCB300B37734 /* shotgun.png in Resources */ = {isa = PBXBuildFile; fileRef = DEE4520D1178DCB300B37734 /* shotgun.png */; };
		DEE452101178DCC800B37734 /* broadsword.png in Resources */ = {isa = PBXBuildFile; fileRef = DEE4520F1178DCC800B37734 /* broadsword.png */; };
/* End PBXBuildFile section */

/* Begin PBXFileReference section */
		1D30AB110D05D00D00671497 /* Foundation.framework */ = {isa = PBXFileReference; lastKnownFileType = wrapper.framework; name = Foundation.framework; path = System/Library/Frameworks/Foundation.framework; sourceTree = SDKROOT; };
		1D3623240D0F684500981E51 /* bHeadAppDelegate.h */ = {isa = PBXFileReference; fileEncoding = 4; lastKnownFileType = sourcecode.c.h; path = bHeadAppDelegate.h; sourceTree = "<group>"; };
		1D3623250D0F684500981E51 /* bHeadAppDelegate.m */ = {isa = PBXFileReference; fileEncoding = 4; lastKnownFileType = sourcecode.c.objc; path = bHeadAppDelegate.m; sourceTree = "<group>"; };
		1D6058910D05DD3D006BFB54 /* bHead.app */ = {isa = PBXFileReference; explicitFileType = wrapper.application; includeInIndex = 0; path = bHead.app; sourceTree = BUILT_PRODUCTS_DIR; };
		1DF5F4DF0D08C38300B7A737 /* UIKit.framework */ = {isa = PBXFileReference; lastKnownFileType = wrapper.framework; name = UIKit.framework; path = System/Library/Frameworks/UIKit.framework; sourceTree = SDKROOT; };
		288765FC0DF74451002DB57D /* CoreGraphics.framework */ = {isa = PBXFileReference; lastKnownFileType = wrapper.framework; name = CoreGraphics.framework; path = System/Library/Frameworks/CoreGraphics.framework; sourceTree = SDKROOT; };
		28AD733E0D9D9553002E5188 /* MainWindow.xib */ = {isa = PBXFileReference; lastKnownFileType = file.xib; path = MainWindow.xib; sourceTree = "<group>"; };
		29B97316FDCFA39411CA2CEA /* main.m */ = {isa = PBXFileReference; fileEncoding = 4; lastKnownFileType = sourcecode.c.objc; path = main.m; sourceTree = "<group>"; };
		2D3BA69711631EB90049588C /* CoreLocation.framework */ = {isa = PBXFileReference; lastKnownFileType = wrapper.framework; name = CoreLocation.framework; path = System/Library/Frameworks/CoreLocation.framework; sourceTree = SDKROOT; };
		2D3BA69B11631ECA0049588C /* AudioToolbox.framework */ = {isa = PBXFileReference; lastKnownFileType = wrapper.framework; name = AudioToolbox.framework; path = System/Library/Frameworks/AudioToolbox.framework; sourceTree = SDKROOT; };
		2DB89E6E116BDE5E00B618D6 /* Bump.h */ = {isa = PBXFileReference; fileEncoding = 4; lastKnownFileType = sourcecode.c.h; path = Bump.h; sourceTree = "<group>"; };
		2DB89E73116BE17200B618D6 /* GameBumpConnector.h */ = {isa = PBXFileReference; fileEncoding = 4; lastKnownFileType = sourcecode.c.h; path = GameBumpConnector.h; sourceTree = "<group>"; };
		2DB89E74116BE17200B618D6 /* GameBumpConnector.m */ = {isa = PBXFileReference; fileEncoding = 4; lastKnownFileType = sourcecode.c.objc; path = GameBumpConnector.m; sourceTree = "<group>"; };
		2DB89E95116BEE0400B618D6 /* libBump.a */ = {isa = PBXFileReference; lastKnownFileType = archive.ar; path = libBump.a; sourceTree = "<group>"; };
		2DB89E98116BEE4400B618D6 /* bump_button_blue.png */ = {isa = PBXFileReference; lastKnownFileType = image.png; path = bump_button_blue.png; sourceTree = "<group>"; };
		2DB89E99116BEE4400B618D6 /* bump_close.png */ = {isa = PBXFileReference; lastKnownFileType = image.png; path = bump_close.png; sourceTree = "<group>"; };
		2DB89E9A116BEE4400B618D6 /* bump_close_selected.png */ = {isa = PBXFileReference; lastKnownFileType = image.png; path = bump_close_selected.png; sourceTree = "<group>"; };
		2DB89E9B116BEE4400B618D6 /* bump_content_area.png */ = {isa = PBXFileReference; lastKnownFileType = image.png; path = bump_content_area.png; sourceTree = "<group>"; };
		2DB89E9C116BEE4400B618D6 /* bump_dropdown.png */ = {isa = PBXFileReference; lastKnownFileType = image.png; path = bump_dropdown.png; sourceTree = "<group>"; };
		2DB89E9D116BEE4400B618D6 /* bump_hands_bg.png */ = {isa = PBXFileReference; lastKnownFileType = image.png; path = bump_hands_bg.png; sourceTree = "<group>"; };
		2DB89E9E116BEE4400B618D6 /* bump_lefthand.png */ = {isa = PBXFileReference; lastKnownFileType = image.png; path = bump_lefthand.png; sourceTree = "<group>"; };
		2DB89E9F116BEE4400B618D6 /* bump_nameview.png */ = {isa = PBXFileReference; lastKnownFileType = image.png; path = bump_nameview.png; sourceTree = "<group>"; };
		2DB89EA0116BEE4400B618D6 /* bump_no_button.png */ = {isa = PBXFileReference; lastKnownFileType = image.png; path = bump_no_button.png; sourceTree = "<group>"; };
		2DB89EA1116BEE4400B618D6 /* bump_nonetwork.png */ = {isa = PBXFileReference; lastKnownFileType = image.png; path = bump_nonetwork.png; sourceTree = "<group>"; };
		2DB89EA2116BEE4400B618D6 /* bump_righthand.png */ = {isa = PBXFileReference; lastKnownFileType = image.png; path = bump_righthand.png; sourceTree = "<group>"; };
		2DB89EA3116BEE4400B618D6 /* bump_signal1.png */ = {isa = PBXFileReference; lastKnownFileType = image.png; path = bump_signal1.png; sourceTree = "<group>"; };
		2DB89EA4116BEE4400B618D6 /* bump_signal2.png */ = {isa = PBXFileReference; lastKnownFileType = image.png; path = bump_signal2.png; sourceTree = "<group>"; };
		2DB89EA5116BEE4400B618D6 /* bump_signal3.png */ = {isa = PBXFileReference; lastKnownFileType = image.png; path = bump_signal3.png; sourceTree = "<group>"; };
		2DB89EA6116BEE4400B618D6 /* bump_signal4.png */ = {isa = PBXFileReference; lastKnownFileType = image.png; path = bump_signal4.png; sourceTree = "<group>"; };
		2DB89EA7116BEE4400B618D6 /* bump_tap.aif */ = {isa = PBXFileReference; lastKnownFileType = file; path = bump_tap.aif; sourceTree = "<group>"; };
		2DB89EA8116BEE4400B618D6 /* bump_titlebar_bg.png */ = {isa = PBXFileReference; lastKnownFileType = image.png; path = bump_titlebar_bg.png; sourceTree = "<group>"; };
		2DB89EA9116BEE4400B618D6 /* bump_white_low.png */ = {isa = PBXFileReference; lastKnownFileType = image.png; path = bump_white_low.png; sourceTree = "<group>"; };
		2DB89EAA116BEE4400B618D6 /* bump_yes_button.png */ = {isa = PBXFileReference; lastKnownFileType = image.png; path = bump_yes_button.png; sourceTree = "<group>"; };
		2DB89EAB116BEE4400B618D6 /* BumpApiPopup.xib */ = {isa = PBXFileReference; lastKnownFileType = file.xib; path = BumpApiPopup.xib; sourceTree = "<group>"; };
		2DB89EAC116BEE4400B618D6 /* BumpChangeNameScreen.xib */ = {isa = PBXFileReference; lastKnownFileType = file.xib; path = BumpChangeNameScreen.xib; sourceTree = "<group>"; };
		2DB89EAD116BEE4400B618D6 /* BumpConfirmScreen.xib */ = {isa = PBXFileReference; lastKnownFileType = file.xib; path = BumpConfirmScreen.xib; sourceTree = "<group>"; };
		2DB89EAE116BEE4400B618D6 /* BumpPromptScreen.xib */ = {isa = PBXFileReference; lastKnownFileType = file.xib; path = BumpPromptScreen.xib; sourceTree = "<group>"; };
		2DB89EAF116BEE4400B618D6 /* BumpStartScreen.xib */ = {isa = PBXFileReference; lastKnownFileType = file.xib; path = BumpStartScreen.xib; sourceTree = "<group>"; };
		2DD238EB11630C8D00EC030E /* ChallengeController.h */ = {isa = PBXFileReference; fileEncoding = 4; lastKnownFileType = sourcecode.c.h; path = ChallengeController.h; sourceTree = "<group>"; };
		2DD238EC11630C8D00EC030E /* ChallengeController.m */ = {isa = PBXFileReference; fileEncoding = 4; lastKnownFileType = sourcecode.c.objc; path = ChallengeController.m; sourceTree = "<group>"; };
		2DD238ED11630C8D00EC030E /* ChallengeController.xib */ = {isa = PBXFileReference; lastKnownFileType = file.xib; name = ChallengeController.xib; path = Classes/ChallengeController.xib; sourceTree = "<group>"; };
		2DD238F011630CB800EC030E /* ScoreController.h */ = {isa = PBXFileReference; fileEncoding = 4; lastKnownFileType = sourcecode.c.h; path = ScoreController.h; sourceTree = "<group>"; };
		2DD238F111630CB800EC030E /* ScoreController.m */ = {isa = PBXFileReference; fileEncoding = 4; lastKnownFileType = sourcecode.c.objc; path = ScoreController.m; sourceTree = "<group>"; };
		2DD238F211630CB800EC030E /* ScoreController.xib */ = {isa = PBXFileReference; lastKnownFileType = file.xib; name = ScoreController.xib; path = Classes/ScoreController.xib; sourceTree = "<group>"; };
		2DD239111163112700EC030E /* subclassChallengeController.h */ = {isa = PBXFileReference; fileEncoding = 4; lastKnownFileType = sourcecode.c.h; path = subclassChallengeController.h; sourceTree = "<group>"; };
		2DD239121163112700EC030E /* subclassChallengeController.m */ = {isa = PBXFileReference; fileEncoding = 4; lastKnownFileType = sourcecode.c.objc; path = subclassChallengeController.m; sourceTree = "<group>"; };
		2DD239131163112700EC030E /* subclassChallengeController.xib */ = {isa = PBXFileReference; lastKnownFileType = file.xib; name = subclassChallengeController.xib; path = Classes/subclassChallengeController.xib; sourceTree = "<group>"; };
		32CA4F630368D1EE00C91783 /* bHead_Prefix.pch */ = {isa = PBXFileReference; fileEncoding = 4; lastKnownFileType = sourcecode.c.h; path = bHead_Prefix.pch; sourceTree = "<group>"; };
		8D1107310486CEB800E47090 /* bHead-Info.plist */ = {isa = PBXFileReference; fileEncoding = 4; lastKnownFileType = text.plist.xml; path = "bHead-Info.plist"; plistStructureDefinitionIdentifier = "com.apple.xcode.plist.structure-definition.iphone.info-plist"; sourceTree = "<group>"; };
		DEE451A51178C50800B37734 /* Default.png */ = {isa = PBXFileReference; lastKnownFileType = image.png; path = Default.png; sourceTree = "<group>"; };
		DEE451BE1178CE5C00B37734 /* youdiebackground.png */ = {isa = PBXFileReference; lastKnownFileType = image.png; path = youdiebackground.png; sourceTree = "<group>"; };
		DEE451C01178CE6C00B37734 /* youlivebackground.png */ = {isa = PBXFileReference; lastKnownFileType = image.png; path = youlivebackground.png; sourceTree = "<group>"; };
		DEE4520B1178DC9F00B37734 /* lightsaber.png */ = {isa = PBXFileReference; lastKnownFileType = image.png; path = lightsaber.png; sourceTree = "<group>"; };
		DEE4520D1178DCB300B37734 /* shotgun.png */ = {isa = PBXFileReference; lastKnownFileType = image.png; path = shotgun.png; sourceTree = "<group>"; };
		DEE4520F1178DCC800B37734 /* broadsword.png */ = {isa = PBXFileReference; lastKnownFileType = image.png; path = broadsword.png; sourceTree = "<group>"; };
/* End PBXFileReference section */

/* Begin PBXFrameworksBuildPhase section */
		1D60588F0D05DD3D006BFB54 /* Frameworks */ = {
			isa = PBXFrameworksBuildPhase;
			buildActionMask = 2147483647;
			files = (
				1D60589F0D05DD5A006BFB54 /* Foundation.framework in Frameworks */,
				1DF5F4E00D08C38300B7A737 /* UIKit.framework in Frameworks */,
				288765FD0DF74451002DB57D /* CoreGraphics.framework in Frameworks */,
				2D3BA69811631EB90049588C /* CoreLocation.framework in Frameworks */,
				2D3BA69C11631ECA0049588C /* AudioToolbox.framework in Frameworks */,
				2DB89E96116BEE0400B618D6 /* libBump.a in Frameworks */,
			);
			runOnlyForDeploymentPostprocessing = 0;
		};
/* End PBXFrameworksBuildPhase section */

/* Begin PBXGroup section */
		080E96DDFE201D6D7F000001 /* Classes */ = {
			isa = PBXGroup;
			children = (
				2DB89E6E116BDE5E00B618D6 /* Bump.h */,
				1D3623240D0F684500981E51 /* bHeadAppDelegate.h */,
				1D3623250D0F684500981E51 /* bHeadAppDelegate.m */,
				2DD238EB11630C8D00EC030E /* ChallengeController.h */,
				2DD238EC11630C8D00EC030E /* ChallengeController.m */,
				2DD239111163112700EC030E /* subclassChallengeController.h */,
				2DD239121163112700EC030E /* subclassChallengeController.m */,
				2DB89E73116BE17200B618D6 /* GameBumpConnector.h */,
				2DB89E74116BE17200B618D6 /* GameBumpConnector.m */,
				2DD238F011630CB800EC030E /* ScoreController.h */,
				2DD238F111630CB800EC030E /* ScoreController.m */,
			);
			path = Classes;
			sourceTree = "<group>";
		};
		19C28FACFE9D520D11CA2CBB /* Products */ = {
			isa = PBXGroup;
			children = (
				1D6058910D05DD3D006BFB54 /* bHead.app */,
			);
			name = Products;
			sourceTree = "<group>";
		};
		29B97314FDCFA39411CA2CEA /* CustomTemplate */ = {
			isa = PBXGroup;
			children = (
				080E96DDFE201D6D7F000001 /* Classes */,
				29B97315FDCFA39411CA2CEA /* Other Sources */,
				29B97317FDCFA39411CA2CEA /* Resources */,
				29B97323FDCFA39411CA2CEA /* Frameworks */,
				19C28FACFE9D520D11CA2CBB /* Products */,
			);
			name = CustomTemplate;
			sourceTree = "<group>";
		};
		29B97315FDCFA39411CA2CEA /* Other Sources */ = {
			isa = PBXGroup;
			children = (
				32CA4F630368D1EE00C91783 /* bHead_Prefix.pch */,
				29B97316FDCFA39411CA2CEA /* main.m */,
			);
			name = "Other Sources";
			sourceTree = "<group>";
		};
		29B97317FDCFA39411CA2CEA /* Resources */ = {
			isa = PBXGroup;
			children = (
				DEE4520F1178DCC800B37734 /* broadsword.png */,
				DEE4520D1178DCB300B37734 /* shotgun.png */,
				DEE4520B1178DC9F00B37734 /* lightsaber.png */,
				DEE451C01178CE6C00B37734 /* youlivebackground.png */,
				DEE451BE1178CE5C00B37734 /* youdiebackground.png */,
				DEE451A51178C50800B37734 /* Default.png */,
				28AD733E0D9D9553002E5188 /* MainWindow.xib */,
				2DD238ED11630C8D00EC030E /* ChallengeController.xib */,
				2DD239131163112700EC030E /* subclassChallengeController.xib */,
				2DD238F211630CB800EC030E /* ScoreController.xib */,
				8D1107310486CEB800E47090 /* bHead-Info.plist */,
				2DB89E97116BEE4400B618D6 /* Bump_Resources */,
			);
			name = Resources;
			sourceTree = "<group>";
		};
		29B97323FDCFA39411CA2CEA /* Frameworks */ = {
			isa = PBXGroup;
			children = (
				2DB89E95116BEE0400B618D6 /* libBump.a */,
				1DF5F4DF0D08C38300B7A737 /* UIKit.framework */,
				1D30AB110D05D00D00671497 /* Foundation.framework */,
				288765FC0DF74451002DB57D /* CoreGraphics.framework */,
				2D3BA69711631EB90049588C /* CoreLocation.framework */,
				2D3BA69B11631ECA0049588C /* AudioToolbox.framework */,
			);
			name = Frameworks;
			sourceTree = "<group>";
		};
		2DB89E97116BEE4400B618D6 /* Bump_Resources */ = {
			isa = PBXGroup;
			children = (
				2DB89E98116BEE4400B618D6 /* bump_button_blue.png */,
				2DB89E99116BEE4400B618D6 /* bump_close.png */,
				2DB89E9A116BEE4400B618D6 /* bump_close_selected.png */,
				2DB89E9B116BEE4400B618D6 /* bump_content_area.png */,
				2DB89E9C116BEE4400B618D6 /* bump_dropdown.png */,
				2DB89E9D116BEE4400B618D6 /* bump_hands_bg.png */,
				2DB89E9E116BEE4400B618D6 /* bump_lefthand.png */,
				2DB89E9F116BEE4400B618D6 /* bump_nameview.png */,
				2DB89EA0116BEE4400B618D6 /* bump_no_button.png */,
				2DB89EA1116BEE4400B618D6 /* bump_nonetwork.png */,
				2DB89EA2116BEE4400B618D6 /* bump_righthand.png */,
				2DB89EA3116BEE4400B618D6 /* bump_signal1.png */,
				2DB89EA4116BEE4400B618D6 /* bump_signal2.png */,
				2DB89EA5116BEE4400B618D6 /* bump_signal3.png */,
				2DB89EA6116BEE4400B618D6 /* bump_signal4.png */,
				2DB89EA7116BEE4400B618D6 /* bump_tap.aif */,
				2DB89EA8116BEE4400B618D6 /* bump_titlebar_bg.png */,
				2DB89EA9116BEE4400B618D6 /* bump_white_low.png */,
				2DB89EAA116BEE4400B618D6 /* bump_yes_button.png */,
				2DB89EAB116BEE4400B618D6 /* BumpApiPopup.xib */,
				2DB89EAC116BEE4400B618D6 /* BumpChangeNameScreen.xib */,
				2DB89EAD116BEE4400B618D6 /* BumpConfirmScreen.xib */,
				2DB89EAE116BEE4400B618D6 /* BumpPromptScreen.xib */,
				2DB89EAF116BEE4400B618D6 /* BumpStartScreen.xib */,
			);
			path = Bump_Resources;
			sourceTree = "<group>";
		};
/* End PBXGroup section */

/* Begin PBXNativeTarget section */
		1D6058900D05DD3D006BFB54 /* bHead */ = {
			isa = PBXNativeTarget;
			buildConfigurationList = 1D6058960D05DD3E006BFB54 /* Build configuration list for PBXNativeTarget "bHead" */;
			buildPhases = (
				1D60588D0D05DD3D006BFB54 /* Resources */,
				1D60588E0D05DD3D006BFB54 /* Sources */,
				1D60588F0D05DD3D006BFB54 /* Frameworks */,
			);
			buildRules = (
			);
			dependencies = (
			);
			name = bHead;
			productName = bHead;
			productReference = 1D6058910D05DD3D006BFB54 /* bHead.app */;
			productType = "com.apple.product-type.application";
		};
/* End PBXNativeTarget section */

/* Begin PBXProject section */
		29B97313FDCFA39411CA2CEA /* Project object */ = {
			isa = PBXProject;
			buildConfigurationList = C01FCF4E08A954540054247B /* Build configuration list for PBXProject "bHead" */;
			compatibilityVersion = "Xcode 3.1";
			hasScannedForEncodings = 1;
			mainGroup = 29B97314FDCFA39411CA2CEA /* CustomTemplate */;
			projectDirPath = "";
			projectRoot = "";
			targets = (
				1D6058900D05DD3D006BFB54 /* bHead */,
			);
		};
/* End PBXProject section */

/* Begin PBXResourcesBuildPhase section */
		1D60588D0D05DD3D006BFB54 /* Resources */ = {
			isa = PBXResourcesBuildPhase;
			buildActionMask = 2147483647;
			files = (
				28AD733F0D9D9553002E5188 /* MainWindow.xib in Resources */,
				2DD238EF11630C8D00EC030E /* ChallengeController.xib in Resources */,
				2DD238F411630CB800EC030E /* ScoreController.xib in Resources */,
				2DD239151163112700EC030E /* subclassChallengeController.xib in Resources */,
				2DB89EB0116BEE4400B618D6 /* bump_button_blue.png in Resources */,
				2DB89EB1116BEE4400B618D6 /* bump_close.png in Resources */,
				2DB89EB2116BEE4400B618D6 /* bump_close_selected.png in Resources */,
				2DB89EB3116BEE4400B618D6 /* bump_content_area.png in Resources */,
				2DB89EB4116BEE4400B618D6 /* bump_dropdown.png in Resources */,
				2DB89EB5116BEE4400B618D6 /* bump_hands_bg.png in Resources */,
				2DB89EB6116BEE4400B618D6 /* bump_lefthand.png in Resources */,
				2DB89EB7116BEE4400B618D6 /* bump_nameview.png in Resources */,
				2DB89EB8116BEE4400B618D6 /* bump_no_button.png in Resources */,
				2DB89EB9116BEE4400B618D6 /* bump_nonetwork.png in Resources */,
				2DB89EBA116BEE4400B618D6 /* bump_righthand.png in Resources */,
				2DB89EBB116BEE4400B618D6 /* bump_signal1.png in Resources */,
				2DB89EBC116BEE4400B618D6 /* bump_signal2.png in Resources */,
				2DB89EBD116BEE4400B618D6 /* bump_signal3.png in Resources */,
				2DB89EBE116BEE4400B618D6 /* bump_signal4.png in Resources */,
				2DB89EBF116BEE4400B618D6 /* bump_tap.aif in Resources */,
				2DB89EC0116BEE4400B618D6 /* bump_titlebar_bg.png in Resources */,
				2DB89EC1116BEE4400B618D6 /* bump_white_low.png in Resources */,
				2DB89EC2116BEE4400B618D6 /* bump_yes_button.png in Resources */,
				2DB89EC3116BEE4400B618D6 /* BumpApiPopup.xib in Resources */,
				2DB89EC4116BEE4400B618D6 /* BumpChangeNameScreen.xib in Resources */,
				2DB89EC5116BEE4400B618D6 /* BumpConfirmScreen.xib in Resources */,
				2DB89EC6116BEE4400B618D6 /* BumpPromptScreen.xib in Resources */,
				2DB89EC7116BEE4400B618D6 /* BumpStartScreen.xib in Resources */,
				DEE451A61178C50800B37734 /* Default.png in Resources */,
				DEE451BF1178CE5C00B37734 /* youdiebackground.png in Resources */,
				DEE451C11178CE6C00B37734 /* youlivebackground.png in Resources */,
				DEE4520C1178DC9F00B37734 /* lightsaber.png in Resources */,
				DEE4520E1178DCB300B37734 /* shotgun.png in Resources */,
				DEE452101178DCC800B37734 /* broadsword.png in Resources */,
			);
			runOnlyForDeploymentPostprocessing = 0;
		};
/* End PBXResourcesBuildPhase section */

/* Begin PBXSourcesBuildPhase section */
		1D60588E0D05DD3D006BFB54 /* Sources */ = {
			isa = PBXSourcesBuildPhase;
			buildActionMask = 2147483647;
			files = (
				1D60589B0D05DD56006BFB54 /* main.m in Sources */,
				1D3623260D0F684500981E51 /* bHeadAppDelegate.m in Sources */,
				2DD238EE11630C8D00EC030E /* ChallengeController.m in Sources */,
				2DD238F311630CB800EC030E /* ScoreController.m in Sources */,
				2DD239141163112700EC030E /* subclassChallengeController.m in Sources */,
				2DB89E75116BE17200B618D6 /* GameBumpConnector.m in Sources */,
			);
			runOnlyForDeploymentPostprocessing = 0;
		};
/* End PBXSourcesBuildPhase section */

/* Begin XCBuildConfiguration section */
		1D6058940D05DD3E006BFB54 /* Debug */ = {
			isa = XCBuildConfiguration;
			buildSettings = {
				ALWAYS_SEARCH_USER_PATHS = NO;
				COPY_PHASE_STRIP = NO;
				GCC_DYNAMIC_NO_PIC = NO;
				GCC_OPTIMIZATION_LEVEL = 0;
				GCC_PRECOMPILE_PREFIX_HEADER = YES;
				GCC_PREFIX_HEADER = bHead_Prefix.pch;
				INFOPLIST_FILE = "bHead-Info.plist";
				LIBRARY_SEARCH_PATHS = (
					"$(inherited)",
					"\"$(SRCROOT)/../../BumpAPIv1.04\"",
					"\"$(SRCROOT)\"",
				);
				PRODUCT_NAME = bHead;
			};
			name = Debug;
		};
		1D6058950D05DD3E006BFB54 /* Release */ = {
			isa = XCBuildConfiguration;
			buildSettings = {
				ALWAYS_SEARCH_USER_PATHS = NO;
				COPY_PHASE_STRIP = YES;
				GCC_PRECOMPILE_PREFIX_HEADER = YES;
				GCC_PREFIX_HEADER = bHead_Prefix.pch;
				INFOPLIST_FILE = "bHead-Info.plist";
				LIBRARY_SEARCH_PATHS = (
					"$(inherited)",
					"\"$(SRCROOT)/../../BumpAPIv1.04\"",
					"\"$(SRCROOT)\"",
				);
				PRODUCT_NAME = bHead;
			};
			name = Release;
		};
		C01FCF4F08A954540054247B /* Debug */ = {
			isa = XCBuildConfiguration;
			buildSettings = {
				ARCHS = "$(ARCHS_STANDARD_32_BIT)";
				"CODE_SIGN_IDENTITY[sdk=iphoneos*]" = "iPhone Developer";
				GCC_C_LANGUAGE_STANDARD = c99;
				GCC_WARN_ABOUT_RETURN_TYPE = YES;
				GCC_WARN_UNUSED_VARIABLE = YES;
				PREBINDING = NO;
				SDKROOT = iphoneos3.1.3;
			};
			name = Debug;
		};
		C01FCF5008A954540054247B /* Release */ = {
			isa = XCBuildConfiguration;
			buildSettings = {
				ARCHS = "$(ARCHS_STANDARD_32_BIT)";
				"CODE_SIGN_IDENTITY[sdk=iphoneos*]" = "iPhone Developer";
				GCC_C_LANGUAGE_STANDARD = c99;
				GCC_WARN_ABOUT_RETURN_TYPE = YES;
				GCC_WARN_UNUSED_VARIABLE = YES;
				PREBINDING = NO;
				SDKROOT = iphoneos3.1.3;
			};
			name = Release;
		};
/* End XCBuildConfiguration section */

/* Begin XCConfigurationList section */
		1D6058960D05DD3E006BFB54 /* Build configuration list for PBXNativeTarget "bHead" */ = {
			isa = XCConfigurationList;
			buildConfigurations = (
				1D6058940D05DD3E006BFB54 /* Debug */,
				1D6058950D05DD3E006BFB54 /* Release */,
			);
			defaultConfigurationIsVisible = 0;
			defaultConfigurationName = Release;
		};
		C01FCF4E08A954540054247B /* Build configuration list for PBXProject "bHead" */ = {
			isa = XCConfigurationList;
			buildConfigurations = (
				C01FCF4F08A954540054247B /* Debug */,
				C01FCF5008A954540054247B /* Release */,
			);
			defaultConfigurationIsVisible = 0;
			defaultConfigurationName = Release;
		};
/* End XCConfigurationList section */
	};
	rootObject = 29B97313FDCFA39411CA2CEA /* Project object */;
}
